// !$*UTF8*$!
{
	archiveVersion = 1;
	classes = {
	};
	objectVersion = 51;
	objects = {

/* Begin PBXBuildFile section */
		768ABE9437B9D1C6E88C9E29 /* Pods_My_MMR.framework in Frameworks */ = {isa = PBXBuildFile; fileRef = D513D2A9FB07BA97DA6B0413 /* Pods_My_MMR.framework */; };
		B60D28F8272CAF670009A3AF /* UserDataVCViewModel.swift in Sources */ = {isa = PBXBuildFile; fileRef = B60D28F7272CAF670009A3AF /* UserDataVCViewModel.swift */; };
		B60D2902272CBAF30009A3AF /* FavoritesViewModel.swift in Sources */ = {isa = PBXBuildFile; fileRef = B60D2901272CBAF30009A3AF /* FavoritesViewModel.swift */; };
		B616CE0C276D5EE600CF2C47 /* My_MMRTests.swift in Sources */ = {isa = PBXBuildFile; fileRef = B616CE0B276D5EE600CF2C47 /* My_MMRTests.swift */; };
		B616CE16276D5F1B00CF2C47 /* AlamoFireManagerTests.swift in Sources */ = {isa = PBXBuildFile; fileRef = B616CE15276D5F1B00CF2C47 /* AlamoFireManagerTests.swift */; };
		B616CE1C276D60C800CF2C47 /* AlamoFireManager.swift in Sources */ = {isa = PBXBuildFile; fileRef = B616CE1B276D60C800CF2C47 /* AlamoFireManager.swift */; };
		B616CE20276D628E00CF2C47 /* stub.json in Resources */ = {isa = PBXBuildFile; fileRef = B616CE1F276D628E00CF2C47 /* stub.json */; };
		B616CE26276D62EB00CF2C47 /* Bundle+unitTest.swift in Sources */ = {isa = PBXBuildFile; fileRef = B616CE25276D62EB00CF2C47 /* Bundle+unitTest.swift */; };
		B64C3B4F270B96CB00B32B9A /* UserDataVC.swift in Sources */ = {isa = PBXBuildFile; fileRef = B64C3B4E270B96CB00B32B9A /* UserDataVC.swift */; };
		B65844DE270351C7004FC29B /* AppDelegate.swift in Sources */ = {isa = PBXBuildFile; fileRef = B65844DD270351C7004FC29B /* AppDelegate.swift */; };
		B65844E0270351C7004FC29B /* SceneDelegate.swift in Sources */ = {isa = PBXBuildFile; fileRef = B65844DF270351C7004FC29B /* SceneDelegate.swift */; };
		B65844E2270351C7004FC29B /* SearchVC.swift in Sources */ = {isa = PBXBuildFile; fileRef = B65844E1270351C7004FC29B /* SearchVC.swift */; };
		B65844E5270351C7004FC29B /* Main.storyboard in Resources */ = {isa = PBXBuildFile; fileRef = B65844E3270351C7004FC29B /* Main.storyboard */; };
		B65844E7270351C7004FC29B /* Assets.xcassets in Resources */ = {isa = PBXBuildFile; fileRef = B65844E6270351C7004FC29B /* Assets.xcassets */; };
		B65844EA270351C7004FC29B /* LaunchScreen.storyboard in Resources */ = {isa = PBXBuildFile; fileRef = B65844E8270351C7004FC29B /* LaunchScreen.storyboard */; };
		B666E7D927050D6B004181FB /* PlayerMMR.swift in Sources */ = {isa = PBXBuildFile; fileRef = B666E7D827050D6B004181FB /* PlayerMMR.swift */; };
		B666E7DC27051E53004181FB /* MMRError.swift in Sources */ = {isa = PBXBuildFile; fileRef = B666E7DB27051E53004181FB /* MMRError.swift */; };
		B669609527125AE10079D021 /* FavoritesCell.swift in Sources */ = {isa = PBXBuildFile; fileRef = B669609327125AE10079D021 /* FavoritesCell.swift */; };
		B669609627125AE10079D021 /* FavoritesCell.xib in Resources */ = {isa = PBXBuildFile; fileRef = B669609427125AE10079D021 /* FavoritesCell.xib */; };
		B66AC54D2711C4D400B46F2E /* persistenceManager.swift in Sources */ = {isa = PBXBuildFile; fileRef = B66AC54C2711C4D400B46F2E /* persistenceManager.swift */; };
		B66AC5502712034F00B46F2E /* SeguesID.swift in Sources */ = {isa = PBXBuildFile; fileRef = B66AC54F2712034F00B46F2E /* SeguesID.swift */; };
		B66E77FE276E81310047DBB3 /* FailedWithNoRecentData.swift in Sources */ = {isa = PBXBuildFile; fileRef = B66E77FD276E81310047DBB3 /* FailedWithNoRecentData.swift */; };
		B67DA488271B8D9300BE9DDC /* SavedFavorites.swift in Sources */ = {isa = PBXBuildFile; fileRef = B67DA487271B8D9300BE9DDC /* SavedFavorites.swift */; };
		B68072DC2774838A00D682D5 /* AlamoFireRequests.swift in Sources */ = {isa = PBXBuildFile; fileRef = B68072DB2774838A00D682D5 /* AlamoFireRequests.swift */; };
		B680B700271475E7007D8286 /* RankLogos.swift in Sources */ = {isa = PBXBuildFile; fileRef = B680B6FF271475E7007D8286 /* RankLogos.swift */; };
		B680B70827147DF2007D8286 /* Connect.swift in Sources */ = {isa = PBXBuildFile; fileRef = B680B70727147DF2007D8286 /* Connect.swift */; };
		B6812DAA2705D389007ABF70 /* Servers.swift in Sources */ = {isa = PBXBuildFile; fileRef = B6812DA92705D389007ABF70 /* Servers.swift */; };
		B6812DAE2705D9BD007ABF70 /* MMRTextField.swift in Sources */ = {isa = PBXBuildFile; fileRef = B6812DAD2705D9BD007ABF70 /* MMRTextField.swift */; };
		B6827B3B272D53010029254A /* FavoriteCellViewModel.swift in Sources */ = {isa = PBXBuildFile; fileRef = B6827B3A272D53010029254A /* FavoriteCellViewModel.swift */; };
		B68357A1270F50C8000D53E4 /* String + Ext.swift in Sources */ = {isa = PBXBuildFile; fileRef = B68357A0270F50C8000D53E4 /* String + Ext.swift */; };
		B6848C152773D30C004C53DB /* AlamoFireProtocols.swift in Sources */ = {isa = PBXBuildFile; fileRef = B6848C142773D30C004C53DB /* AlamoFireProtocols.swift */; };
		B686A26C27300B64007C96EE /* UserDefault.swift in Sources */ = {isa = PBXBuildFile; fileRef = B686A26B27300B64007C96EE /* UserDefault.swift */; };
		B68BD336272C1FF400F30562 /* Dynamic.swift in Sources */ = {isa = PBXBuildFile; fileRef = B68BD335272C1FF400F30562 /* Dynamic.swift */; };
		B68BD339272C202300F30562 /* SearchModelView.swift in Sources */ = {isa = PBXBuildFile; fileRef = B68BD338272C202300F30562 /* SearchModelView.swift */; };
		B68FA62A27751FBA00ADCDB6 /* App+Injection.swift in Sources */ = {isa = PBXBuildFile; fileRef = B68FA62927751FBA00ADCDB6 /* App+Injection.swift */; };
		B68FE3B7272EB52100DC44D7 /* DropDownList.swift in Sources */ = {isa = PBXBuildFile; fileRef = B68FE3B6272EB52100DC44D7 /* DropDownList.swift */; };
		B69AA4ED27281AD80060B924 /* SearchButton.swift in Sources */ = {isa = PBXBuildFile; fileRef = B69AA4EC27281AD80060B924 /* SearchButton.swift */; };
		B6AE8F8B2711249A0028DF92 /* FavoritesVC.swift in Sources */ = {isa = PBXBuildFile; fileRef = B6AE8F8A2711249A0028DF92 /* FavoritesVC.swift */; };
		B6CB51282705E59C00250095 /* MMRButtonCustomization.swift in Sources */ = {isa = PBXBuildFile; fileRef = B6CB51272705E59C00250095 /* MMRButtonCustomization.swift */; };
		B6CB512F2705EF8900250095 /* Alert.swift in Sources */ = {isa = PBXBuildFile; fileRef = B6CB512E2705EF8900250095 /* Alert.swift */; };
		B6CB51342705EFEB00250095 /* MMRButton.swift in Sources */ = {isa = PBXBuildFile; fileRef = B6CB51332705EFEB00250095 /* MMRButton.swift */; };
		B6CB51392705F04700250095 /* MMRTitleLabel.swift in Sources */ = {isa = PBXBuildFile; fileRef = B6CB51382705F04700250095 /* MMRTitleLabel.swift */; };
		B6CB513C2705F06700250095 /* MMRBodyLabel.swift in Sources */ = {isa = PBXBuildFile; fileRef = B6CB513B2705F06700250095 /* MMRBodyLabel.swift */; };
		B6CB513F2705F0DB00250095 /* MMRAlertContainerView.swift in Sources */ = {isa = PBXBuildFile; fileRef = B6CB513E2705F0DB00250095 /* MMRAlertContainerView.swift */; };
		B6CB51492705F21200250095 /* VC Ext.swift in Sources */ = {isa = PBXBuildFile; fileRef = B6CB51482705F21200250095 /* VC Ext.swift */; };
		B6F9CDC52725DC38002A00E7 /* RankImages.swift in Sources */ = {isa = PBXBuildFile; fileRef = B6F9CDC42725DC38002A00E7 /* RankImages.swift */; };
/* End PBXBuildFile section */

/* Begin PBXContainerItemProxy section */
		B616CE0E276D5EE600CF2C47 /* PBXContainerItemProxy */ = {
			isa = PBXContainerItemProxy;
			containerPortal = B65844D2270351C6004FC29B /* Project object */;
			proxyType = 1;
			remoteGlobalIDString = B65844D9270351C7004FC29B;
			remoteInfo = "My MMR";
		};
/* End PBXContainerItemProxy section */

/* Begin PBXFileReference section */
		6BCFD6FD2B082456806644CE /* Pods-My MMR.release.xcconfig */ = {isa = PBXFileReference; includeInIndex = 1; lastKnownFileType = text.xcconfig; name = "Pods-My MMR.release.xcconfig"; path = "Target Support Files/Pods-My MMR/Pods-My MMR.release.xcconfig"; sourceTree = "<group>"; };
		818BE81FBD4AB7893129E0C2 /* Pods-My MMR.debug.xcconfig */ = {isa = PBXFileReference; includeInIndex = 1; lastKnownFileType = text.xcconfig; name = "Pods-My MMR.debug.xcconfig"; path = "Target Support Files/Pods-My MMR/Pods-My MMR.debug.xcconfig"; sourceTree = "<group>"; };
		B60D28F7272CAF670009A3AF /* UserDataVCViewModel.swift */ = {isa = PBXFileReference; lastKnownFileType = sourcecode.swift; path = UserDataVCViewModel.swift; sourceTree = "<group>"; };
		B60D2901272CBAF30009A3AF /* FavoritesViewModel.swift */ = {isa = PBXFileReference; lastKnownFileType = sourcecode.swift; path = FavoritesViewModel.swift; sourceTree = "<group>"; };
		B616CE09276D5EE600CF2C47 /* My MMRTests.xctest */ = {isa = PBXFileReference; explicitFileType = wrapper.cfbundle; includeInIndex = 0; path = "My MMRTests.xctest"; sourceTree = BUILT_PRODUCTS_DIR; };
		B616CE0B276D5EE600CF2C47 /* My_MMRTests.swift */ = {isa = PBXFileReference; lastKnownFileType = sourcecode.swift; path = My_MMRTests.swift; sourceTree = "<group>"; };
		B616CE0D276D5EE600CF2C47 /* Info.plist */ = {isa = PBXFileReference; lastKnownFileType = text.plist.xml; path = Info.plist; sourceTree = "<group>"; };
		B616CE15276D5F1B00CF2C47 /* AlamoFireManagerTests.swift */ = {isa = PBXFileReference; lastKnownFileType = sourcecode.swift; path = AlamoFireManagerTests.swift; sourceTree = "<group>"; };
		B616CE1B276D60C800CF2C47 /* AlamoFireManager.swift */ = {isa = PBXFileReference; indentWidth = 5; lastKnownFileType = sourcecode.swift; path = AlamoFireManager.swift; sourceTree = "<group>"; };
		B616CE1F276D628E00CF2C47 /* stub.json */ = {isa = PBXFileReference; lastKnownFileType = text.json; path = stub.json; sourceTree = "<group>"; };
		B616CE25276D62EB00CF2C47 /* Bundle+unitTest.swift */ = {isa = PBXFileReference; lastKnownFileType = sourcecode.swift; path = "Bundle+unitTest.swift"; sourceTree = "<group>"; };
		B64C3B4E270B96CB00B32B9A /* UserDataVC.swift */ = {isa = PBXFileReference; lastKnownFileType = sourcecode.swift; path = UserDataVC.swift; sourceTree = "<group>"; };
		B65844DA270351C7004FC29B /* My MMR.app */ = {isa = PBXFileReference; explicitFileType = wrapper.application; includeInIndex = 0; path = "My MMR.app"; sourceTree = BUILT_PRODUCTS_DIR; };
		B65844DD270351C7004FC29B /* AppDelegate.swift */ = {isa = PBXFileReference; lastKnownFileType = sourcecode.swift; path = AppDelegate.swift; sourceTree = "<group>"; };
		B65844DF270351C7004FC29B /* SceneDelegate.swift */ = {isa = PBXFileReference; lastKnownFileType = sourcecode.swift; path = SceneDelegate.swift; sourceTree = "<group>"; };
		B65844E1270351C7004FC29B /* SearchVC.swift */ = {isa = PBXFileReference; lastKnownFileType = sourcecode.swift; path = SearchVC.swift; sourceTree = "<group>"; };
		B65844E4270351C7004FC29B /* Base */ = {isa = PBXFileReference; lastKnownFileType = file.storyboard; name = Base; path = Base.lproj/Main.storyboard; sourceTree = "<group>"; };
		B65844E6270351C7004FC29B /* Assets.xcassets */ = {isa = PBXFileReference; lastKnownFileType = folder.assetcatalog; path = Assets.xcassets; sourceTree = "<group>"; };
		B65844E9270351C7004FC29B /* Base */ = {isa = PBXFileReference; lastKnownFileType = file.storyboard; name = Base; path = Base.lproj/LaunchScreen.storyboard; sourceTree = "<group>"; };
		B65844EB270351C7004FC29B /* Info.plist */ = {isa = PBXFileReference; lastKnownFileType = text.plist.xml; path = Info.plist; sourceTree = "<group>"; };
		B666E7D827050D6B004181FB /* PlayerMMR.swift */ = {isa = PBXFileReference; lastKnownFileType = sourcecode.swift; path = PlayerMMR.swift; sourceTree = "<group>"; };
		B666E7DB27051E53004181FB /* MMRError.swift */ = {isa = PBXFileReference; lastKnownFileType = sourcecode.swift; path = MMRError.swift; sourceTree = "<group>"; };
		B669609327125AE10079D021 /* FavoritesCell.swift */ = {isa = PBXFileReference; lastKnownFileType = sourcecode.swift; path = FavoritesCell.swift; sourceTree = "<group>"; };
		B669609427125AE10079D021 /* FavoritesCell.xib */ = {isa = PBXFileReference; lastKnownFileType = file.xib; path = FavoritesCell.xib; sourceTree = "<group>"; };
		B66AC54C2711C4D400B46F2E /* persistenceManager.swift */ = {isa = PBXFileReference; lastKnownFileType = sourcecode.swift; path = persistenceManager.swift; sourceTree = "<group>"; };
		B66AC54F2712034F00B46F2E /* SeguesID.swift */ = {isa = PBXFileReference; lastKnownFileType = sourcecode.swift; path = SeguesID.swift; sourceTree = "<group>"; };
		B66E77FD276E81310047DBB3 /* FailedWithNoRecentData.swift */ = {isa = PBXFileReference; lastKnownFileType = sourcecode.swift; path = FailedWithNoRecentData.swift; sourceTree = "<group>"; };
		B67DA487271B8D9300BE9DDC /* SavedFavorites.swift */ = {isa = PBXFileReference; lastKnownFileType = sourcecode.swift; path = SavedFavorites.swift; sourceTree = "<group>"; };
		B68072DB2774838A00D682D5 /* AlamoFireRequests.swift */ = {isa = PBXFileReference; lastKnownFileType = sourcecode.swift; path = AlamoFireRequests.swift; sourceTree = "<group>"; };
		B680B6FF271475E7007D8286 /* RankLogos.swift */ = {isa = PBXFileReference; lastKnownFileType = sourcecode.swift; path = RankLogos.swift; sourceTree = "<group>"; };
		B680B70727147DF2007D8286 /* Connect.swift */ = {isa = PBXFileReference; lastKnownFileType = sourcecode.swift; path = Connect.swift; sourceTree = "<group>"; };
		B6812DA92705D389007ABF70 /* Servers.swift */ = {isa = PBXFileReference; lastKnownFileType = sourcecode.swift; path = Servers.swift; sourceTree = "<group>"; };
		B6812DAD2705D9BD007ABF70 /* MMRTextField.swift */ = {isa = PBXFileReference; lastKnownFileType = sourcecode.swift; path = MMRTextField.swift; sourceTree = "<group>"; };
		B6827B3A272D53010029254A /* FavoriteCellViewModel.swift */ = {isa = PBXFileReference; lastKnownFileType = sourcecode.swift; path = FavoriteCellViewModel.swift; sourceTree = "<group>"; };
		B68357A0270F50C8000D53E4 /* String + Ext.swift */ = {isa = PBXFileReference; lastKnownFileType = sourcecode.swift; path = "String + Ext.swift"; sourceTree = "<group>"; };
		B6848C142773D30C004C53DB /* AlamoFireProtocols.swift */ = {isa = PBXFileReference; lastKnownFileType = sourcecode.swift; path = AlamoFireProtocols.swift; sourceTree = "<group>"; };
		B686A26B27300B64007C96EE /* UserDefault.swift */ = {isa = PBXFileReference; lastKnownFileType = sourcecode.swift; path = UserDefault.swift; sourceTree = "<group>"; };
		B68BD335272C1FF400F30562 /* Dynamic.swift */ = {isa = PBXFileReference; lastKnownFileType = sourcecode.swift; path = Dynamic.swift; sourceTree = "<group>"; };
		B68BD338272C202300F30562 /* SearchModelView.swift */ = {isa = PBXFileReference; lastKnownFileType = sourcecode.swift; path = SearchModelView.swift; sourceTree = "<group>"; };
		B68FA62927751FBA00ADCDB6 /* App+Injection.swift */ = {isa = PBXFileReference; lastKnownFileType = sourcecode.swift; path = "App+Injection.swift"; sourceTree = "<group>"; };
		B68FE3B6272EB52100DC44D7 /* DropDownList.swift */ = {isa = PBXFileReference; lastKnownFileType = sourcecode.swift; path = DropDownList.swift; sourceTree = "<group>"; };
		B69AA4EC27281AD80060B924 /* SearchButton.swift */ = {isa = PBXFileReference; lastKnownFileType = sourcecode.swift; path = SearchButton.swift; sourceTree = "<group>"; };
		B6AE8F8A2711249A0028DF92 /* FavoritesVC.swift */ = {isa = PBXFileReference; lastKnownFileType = sourcecode.swift; path = FavoritesVC.swift; sourceTree = "<group>"; };
		B6CB51272705E59C00250095 /* MMRButtonCustomization.swift */ = {isa = PBXFileReference; lastKnownFileType = sourcecode.swift; path = MMRButtonCustomization.swift; sourceTree = "<group>"; };
		B6CB512E2705EF8900250095 /* Alert.swift */ = {isa = PBXFileReference; lastKnownFileType = sourcecode.swift; path = Alert.swift; sourceTree = "<group>"; };
		B6CB51332705EFEB00250095 /* MMRButton.swift */ = {isa = PBXFileReference; lastKnownFileType = sourcecode.swift; path = MMRButton.swift; sourceTree = "<group>"; };
		B6CB51382705F04700250095 /* MMRTitleLabel.swift */ = {isa = PBXFileReference; lastKnownFileType = sourcecode.swift; path = MMRTitleLabel.swift; sourceTree = "<group>"; };
		B6CB513B2705F06700250095 /* MMRBodyLabel.swift */ = {isa = PBXFileReference; lastKnownFileType = sourcecode.swift; path = MMRBodyLabel.swift; sourceTree = "<group>"; };
		B6CB513E2705F0DB00250095 /* MMRAlertContainerView.swift */ = {isa = PBXFileReference; lastKnownFileType = sourcecode.swift; path = MMRAlertContainerView.swift; sourceTree = "<group>"; };
		B6CB51482705F21200250095 /* VC Ext.swift */ = {isa = PBXFileReference; lastKnownFileType = sourcecode.swift; path = "VC Ext.swift"; sourceTree = "<group>"; };
		B6F9CDC42725DC38002A00E7 /* RankImages.swift */ = {isa = PBXFileReference; lastKnownFileType = sourcecode.swift; path = RankImages.swift; sourceTree = "<group>"; };
		D513D2A9FB07BA97DA6B0413 /* Pods_My_MMR.framework */ = {isa = PBXFileReference; explicitFileType = wrapper.framework; includeInIndex = 0; path = Pods_My_MMR.framework; sourceTree = BUILT_PRODUCTS_DIR; };
/* End PBXFileReference section */

/* Begin PBXFrameworksBuildPhase section */
		B616CE06276D5EE600CF2C47 /* Frameworks */ = {
			isa = PBXFrameworksBuildPhase;
			buildActionMask = 2147483647;
			files = (
			);
			runOnlyForDeploymentPostprocessing = 0;
		};
		B65844D7270351C7004FC29B /* Frameworks */ = {
			isa = PBXFrameworksBuildPhase;
			buildActionMask = 2147483647;
			files = (
				768ABE9437B9D1C6E88C9E29 /* Pods_My_MMR.framework in Frameworks */,
			);
			runOnlyForDeploymentPostprocessing = 0;
		};
/* End PBXFrameworksBuildPhase section */

/* Begin PBXGroup section */
		1533B43A4263526A63ABE03D /* Pods */ = {
			isa = PBXGroup;
			children = (
				818BE81FBD4AB7893129E0C2 /* Pods-My MMR.debug.xcconfig */,
				6BCFD6FD2B082456806644CE /* Pods-My MMR.release.xcconfig */,
			);
			path = Pods;
			sourceTree = "<group>";
		};
		3B7F4ADB6438AEE61DE330AA /* Frameworks */ = {
			isa = PBXGroup;
			children = (
				D513D2A9FB07BA97DA6B0413 /* Pods_My_MMR.framework */,
			);
			name = Frameworks;
			sourceTree = "<group>";
		};
		B616CE0A276D5EE600CF2C47 /* My MMRTests */ = {
			isa = PBXGroup;
			children = (
				B616CE0B276D5EE600CF2C47 /* My_MMRTests.swift */,
				B616CE0D276D5EE600CF2C47 /* Info.plist */,
				B616CE15276D5F1B00CF2C47 /* AlamoFireManagerTests.swift */,
				B616CE25276D62EB00CF2C47 /* Bundle+unitTest.swift */,
				B616CE1F276D628E00CF2C47 /* stub.json */,
			);
			path = "My MMRTests";
			sourceTree = "<group>";
		};
		B65844D1270351C6004FC29B = {
			isa = PBXGroup;
			children = (
				B65844DC270351C7004FC29B /* My MMR */,
				B616CE0A276D5EE600CF2C47 /* My MMRTests */,
				B65844DB270351C7004FC29B /* Products */,
				1533B43A4263526A63ABE03D /* Pods */,
				3B7F4ADB6438AEE61DE330AA /* Frameworks */,
			);
			sourceTree = "<group>";
		};
		B65844DB270351C7004FC29B /* Products */ = {
			isa = PBXGroup;
			children = (
				B65844DA270351C7004FC29B /* My MMR.app */,
				B616CE09276D5EE600CF2C47 /* My MMRTests.xctest */,
			);
			name = Products;
			sourceTree = "<group>";
		};
		B65844DC270351C7004FC29B /* My MMR */ = {
			isa = PBXGroup;
			children = (
				B68FA62827751F3F00ADCDB6 /* App+Injection */,
				B68FE3B5272EB4F100DC44D7 /* DI Services */,
				B6812DAC2705D9A5007ABF70 /* UI Customisation */,
				B6812DA82705D378007ABF70 /* Utilites */,
				B65AB779270525E7001DBE60 /* NetworkManager */,
				B68BD334272C1F5500F30562 /* ModelViews */,
				B666E7D727050D49004181FB /* Models */,
				B6CB51242705DA9400250095 /* View */,
				B6CB51472705F1FA00250095 /* Extensions */,
				B6CB51452705F15E00250095 /* Support */,
				B65844EB270351C7004FC29B /* Info.plist */,
			);
			path = "My MMR";
			sourceTree = "<group>";
		};
		B65AB779270525E7001DBE60 /* NetworkManager */ = {
			isa = PBXGroup;
			children = (
				B66AC54C2711C4D400B46F2E /* persistenceManager.swift */,
				B680B70727147DF2007D8286 /* Connect.swift */,
			);
			path = NetworkManager;
			sourceTree = "<group>";
		};
		B666E7D727050D49004181FB /* Models */ = {
			isa = PBXGroup;
			children = (
				B666E7D827050D6B004181FB /* PlayerMMR.swift */,
				B67DA487271B8D9300BE9DDC /* SavedFavorites.swift */,
				B66E77FD276E81310047DBB3 /* FailedWithNoRecentData.swift */,
			);
			path = Models;
			sourceTree = "<group>";
		};
		B669609227125A9D0079D021 /* CustomCell */ = {
			isa = PBXGroup;
			children = (
				B669609327125AE10079D021 /* FavoritesCell.swift */,
				B669609427125AE10079D021 /* FavoritesCell.xib */,
			);
			name = CustomCell;
			sourceTree = "<group>";
		};
		B6812DA82705D378007ABF70 /* Utilites */ = {
			isa = PBXGroup;
			children = (
				B6812DA92705D389007ABF70 /* Servers.swift */,
				B666E7DB27051E53004181FB /* MMRError.swift */,
				B66AC54F2712034F00B46F2E /* SeguesID.swift */,
				B680B6FF271475E7007D8286 /* RankLogos.swift */,
				B6F9CDC42725DC38002A00E7 /* RankImages.swift */,
				B68BD335272C1FF400F30562 /* Dynamic.swift */,
			);
			path = Utilites;
			sourceTree = "<group>";
		};
		B6812DAC2705D9A5007ABF70 /* UI Customisation */ = {
			isa = PBXGroup;
			children = (
				B669609227125A9D0079D021 /* CustomCell */,
				B6CB51372705F02500250095 /* CustomLabel */,
				B6CB51322705EFCF00250095 /* CustomButton */,
				B6CB51412705F0FF00250095 /* CustomTF */,
				B6CB51422705F11E00250095 /* CustomUIView */,
				B6CB51312705EFB600250095 /* CutomVC */,
			);
			path = "UI Customisation";
			sourceTree = "<group>";
		};
		B6848C132773D2E5004C53DB /* AlamoFire Classes */ = {
			isa = PBXGroup;
			children = (
				B6848C142773D30C004C53DB /* AlamoFireProtocols.swift */,
				B616CE1B276D60C800CF2C47 /* AlamoFireManager.swift */,
				B68072DB2774838A00D682D5 /* AlamoFireRequests.swift */,
			);
			path = "AlamoFire Classes";
			sourceTree = "<group>";
		};
		B68BD334272C1F5500F30562 /* ModelViews */ = {
			isa = PBXGroup;
			children = (
				B68BD338272C202300F30562 /* SearchModelView.swift */,
				B60D28F7272CAF670009A3AF /* UserDataVCViewModel.swift */,
				B60D2901272CBAF30009A3AF /* FavoritesViewModel.swift */,
				B6827B3A272D53010029254A /* FavoriteCellViewModel.swift */,
			);
			path = ModelViews;
			sourceTree = "<group>";
		};
		B68FA62827751F3F00ADCDB6 /* App+Injection */ = {
			isa = PBXGroup;
			children = (
				B68FA62927751FBA00ADCDB6 /* App+Injection.swift */,
			);
			name = "App+Injection";
			sourceTree = "<group>";
		};
		B68FE3B5272EB4F100DC44D7 /* DI Services */ = {
			isa = PBXGroup;
			children = (
				B6848C132773D2E5004C53DB /* AlamoFire Classes */,
				B68FE3B6272EB52100DC44D7 /* DropDownList.swift */,
				B686A26B27300B64007C96EE /* UserDefault.swift */,
			);
			path = "DI Services";
			sourceTree = "<group>";
		};
		B6CB51242705DA9400250095 /* View */ = {
			isa = PBXGroup;
			children = (
				B65844E3270351C7004FC29B /* Main.storyboard */,
				B6CB51252705DA9B00250095 /* Controller */,
			);
			path = View;
			sourceTree = "<group>";
		};
		B6CB51252705DA9B00250095 /* Controller */ = {
			isa = PBXGroup;
			children = (
				B65844E1270351C7004FC29B /* SearchVC.swift */,
				B64C3B4E270B96CB00B32B9A /* UserDataVC.swift */,
				B6AE8F8A2711249A0028DF92 /* FavoritesVC.swift */,
			);
			path = Controller;
			sourceTree = "<group>";
		};
		B6CB51312705EFB600250095 /* CutomVC */ = {
			isa = PBXGroup;
			children = (
				B6CB512E2705EF8900250095 /* Alert.swift */,
			);
			name = CutomVC;
			sourceTree = "<group>";
		};
		B6CB51322705EFCF00250095 /* CustomButton */ = {
			isa = PBXGroup;
			children = (
				B6CB51272705E59C00250095 /* MMRButtonCustomization.swift */,
				B6CB51332705EFEB00250095 /* MMRButton.swift */,
				B69AA4EC27281AD80060B924 /* SearchButton.swift */,
			);
			path = CustomButton;
			sourceTree = "<group>";
		};
		B6CB51372705F02500250095 /* CustomLabel */ = {
			isa = PBXGroup;
			children = (
				B6CB51382705F04700250095 /* MMRTitleLabel.swift */,
				B6CB513B2705F06700250095 /* MMRBodyLabel.swift */,
			);
			name = CustomLabel;
			sourceTree = "<group>";
		};
		B6CB51412705F0FF00250095 /* CustomTF */ = {
			isa = PBXGroup;
			children = (
				B6812DAD2705D9BD007ABF70 /* MMRTextField.swift */,
			);
			path = CustomTF;
			sourceTree = "<group>";
		};
		B6CB51422705F11E00250095 /* CustomUIView */ = {
			isa = PBXGroup;
			children = (
				B6CB513E2705F0DB00250095 /* MMRAlertContainerView.swift */,
			);
			path = CustomUIView;
			sourceTree = "<group>";
		};
		B6CB51452705F15E00250095 /* Support */ = {
			isa = PBXGroup;
			children = (
				B65844DD270351C7004FC29B /* AppDelegate.swift */,
				B65844DF270351C7004FC29B /* SceneDelegate.swift */,
				B65844E6270351C7004FC29B /* Assets.xcassets */,
				B65844E8270351C7004FC29B /* LaunchScreen.storyboard */,
			);
			path = Support;
			sourceTree = "<group>";
		};
		B6CB51472705F1FA00250095 /* Extensions */ = {
			isa = PBXGroup;
			children = (
				B6CB51482705F21200250095 /* VC Ext.swift */,
				B68357A0270F50C8000D53E4 /* String + Ext.swift */,
			);
			path = Extensions;
			sourceTree = "<group>";
		};
/* End PBXGroup section */

/* Begin PBXNativeTarget section */
		B616CE08276D5EE600CF2C47 /* My MMRTests */ = {
			isa = PBXNativeTarget;
			buildConfigurationList = B616CE10276D5EE600CF2C47 /* Build configuration list for PBXNativeTarget "My MMRTests" */;
			buildPhases = (
				B616CE05276D5EE600CF2C47 /* Sources */,
				B616CE06276D5EE600CF2C47 /* Frameworks */,
				B616CE07276D5EE600CF2C47 /* Resources */,
			);
			buildRules = (
			);
			dependencies = (
				B616CE0F276D5EE600CF2C47 /* PBXTargetDependency */,
			);
			name = "My MMRTests";
			productName = "My MMRTests";
			productReference = B616CE09276D5EE600CF2C47 /* My MMRTests.xctest */;
			productType = "com.apple.product-type.bundle.unit-test";
		};
		B65844D9270351C7004FC29B /* My MMR */ = {
			isa = PBXNativeTarget;
			buildConfigurationList = B65844EE270351C7004FC29B /* Build configuration list for PBXNativeTarget "My MMR" */;
			buildPhases = (
				55AC71E860B60CBDEE5933A6 /* [CP] Check Pods Manifest.lock */,
				B65844D6270351C7004FC29B /* Sources */,
				B65844D7270351C7004FC29B /* Frameworks */,
				B65844D8270351C7004FC29B /* Resources */,
				EF2E00235D7909FC1E43305F /* [CP] Embed Pods Frameworks */,
			);
			buildRules = (
			);
			dependencies = (
			);
			name = "My MMR";
			productName = "My MMR";
			productReference = B65844DA270351C7004FC29B /* My MMR.app */;
			productType = "com.apple.product-type.application";
		};
/* End PBXNativeTarget section */

/* Begin PBXProject section */
		B65844D2270351C6004FC29B /* Project object */ = {
			isa = PBXProject;
			attributes = {
				LastSwiftUpdateCheck = 1240;
				LastUpgradeCheck = 1240;
				TargetAttributes = {
					B616CE08276D5EE600CF2C47 = {
						CreatedOnToolsVersion = 12.4;
						TestTargetID = B65844D9270351C7004FC29B;
					};
					B65844D9270351C7004FC29B = {
						CreatedOnToolsVersion = 12.4;
					};
				};
			};
			buildConfigurationList = B65844D5270351C6004FC29B /* Build configuration list for PBXProject "My MMR" */;
			compatibilityVersion = "Xcode 9.3";
			developmentRegion = en;
			hasScannedForEncodings = 0;
			knownRegions = (
				en,
				Base,
			);
			mainGroup = B65844D1270351C6004FC29B;
			productRefGroup = B65844DB270351C7004FC29B /* Products */;
			projectDirPath = "";
			projectRoot = "";
			targets = (
				B65844D9270351C7004FC29B /* My MMR */,
				B616CE08276D5EE600CF2C47 /* My MMRTests */,
			);
		};
/* End PBXProject section */

/* Begin PBXResourcesBuildPhase section */
		B616CE07276D5EE600CF2C47 /* Resources */ = {
			isa = PBXResourcesBuildPhase;
			buildActionMask = 2147483647;
			files = (
				B616CE20276D628E00CF2C47 /* stub.json in Resources */,
			);
			runOnlyForDeploymentPostprocessing = 0;
		};
		B65844D8270351C7004FC29B /* Resources */ = {
			isa = PBXResourcesBuildPhase;
			buildActionMask = 2147483647;
			files = (
				B65844EA270351C7004FC29B /* LaunchScreen.storyboard in Resources */,
				B669609627125AE10079D021 /* FavoritesCell.xib in Resources */,
				B65844E7270351C7004FC29B /* Assets.xcassets in Resources */,
				B65844E5270351C7004FC29B /* Main.storyboard in Resources */,
			);
			runOnlyForDeploymentPostprocessing = 0;
		};
/* End PBXResourcesBuildPhase section */

/* Begin PBXShellScriptBuildPhase section */
		55AC71E860B60CBDEE5933A6 /* [CP] Check Pods Manifest.lock */ = {
			isa = PBXShellScriptBuildPhase;
			buildActionMask = 2147483647;
			files = (
			);
			inputFileListPaths = (
			);
			inputPaths = (
				"${PODS_PODFILE_DIR_PATH}/Podfile.lock",
				"${PODS_ROOT}/Manifest.lock",
			);
			name = "[CP] Check Pods Manifest.lock";
			outputFileListPaths = (
			);
			outputPaths = (
				"$(DERIVED_FILE_DIR)/Pods-My MMR-checkManifestLockResult.txt",
			);
			runOnlyForDeploymentPostprocessing = 0;
			shellPath = /bin/sh;
			shellScript = "diff \"${PODS_PODFILE_DIR_PATH}/Podfile.lock\" \"${PODS_ROOT}/Manifest.lock\" > /dev/null\nif [ $? != 0 ] ; then\n    # print error to STDERR\n    echo \"error: The sandbox is not in sync with the Podfile.lock. Run 'pod install' or update your CocoaPods installation.\" >&2\n    exit 1\nfi\n# This output is used by Xcode 'outputs' to avoid re-running this script phase.\necho \"SUCCESS\" > \"${SCRIPT_OUTPUT_FILE_0}\"\n";
			showEnvVarsInLog = 0;
		};
		EF2E00235D7909FC1E43305F /* [CP] Embed Pods Frameworks */ = {
			isa = PBXShellScriptBuildPhase;
			buildActionMask = 2147483647;
			files = (
			);
			inputFileListPaths = (
				"${PODS_ROOT}/Target Support Files/Pods-My MMR/Pods-My MMR-frameworks-${CONFIGURATION}-input-files.xcfilelist",
			);
			name = "[CP] Embed Pods Frameworks";
			outputFileListPaths = (
				"${PODS_ROOT}/Target Support Files/Pods-My MMR/Pods-My MMR-frameworks-${CONFIGURATION}-output-files.xcfilelist",
			);
			runOnlyForDeploymentPostprocessing = 0;
			shellPath = /bin/sh;
			shellScript = "\"${PODS_ROOT}/Target Support Files/Pods-My MMR/Pods-My MMR-frameworks.sh\"\n";
			showEnvVarsInLog = 0;
		};
/* End PBXShellScriptBuildPhase section */

/* Begin PBXSourcesBuildPhase section */
		B616CE05276D5EE600CF2C47 /* Sources */ = {
			isa = PBXSourcesBuildPhase;
			buildActionMask = 2147483647;
			files = (
				B616CE16276D5F1B00CF2C47 /* AlamoFireManagerTests.swift in Sources */,
				B616CE26276D62EB00CF2C47 /* Bundle+unitTest.swift in Sources */,
				B616CE0C276D5EE600CF2C47 /* My_MMRTests.swift in Sources */,
			);
			runOnlyForDeploymentPostprocessing = 0;
		};
		B65844D6270351C7004FC29B /* Sources */ = {
			isa = PBXSourcesBuildPhase;
			buildActionMask = 2147483647;
			files = (
				B60D2902272CBAF30009A3AF /* FavoritesViewModel.swift in Sources */,
				B616CE1C276D60C800CF2C47 /* AlamoFireManager.swift in Sources */,
				B67DA488271B8D9300BE9DDC /* SavedFavorites.swift in Sources */,
				B65844E2270351C7004FC29B /* SearchVC.swift in Sources */,
				B68FA62A27751FBA00ADCDB6 /* App+Injection.swift in Sources */,
				B6827B3B272D53010029254A /* FavoriteCellViewModel.swift in Sources */,
				B6CB51342705EFEB00250095 /* MMRButton.swift in Sources */,
				B66AC54D2711C4D400B46F2E /* persistenceManager.swift in Sources */,
				B6F9CDC52725DC38002A00E7 /* RankImages.swift in Sources */,
				B6812DAE2705D9BD007ABF70 /* MMRTextField.swift in Sources */,
				B6CB513F2705F0DB00250095 /* MMRAlertContainerView.swift in Sources */,
				B69AA4ED27281AD80060B924 /* SearchButton.swift in Sources */,
				B66AC5502712034F00B46F2E /* SeguesID.swift in Sources */,
				B60D28F8272CAF670009A3AF /* UserDataVCViewModel.swift in Sources */,
				B686A26C27300B64007C96EE /* UserDefault.swift in Sources */,
				B6CB51282705E59C00250095 /* MMRButtonCustomization.swift in Sources */,
				B68BD339272C202300F30562 /* SearchModelView.swift in Sources */,
				B669609527125AE10079D021 /* FavoritesCell.swift in Sources */,
				B6812DAA2705D389007ABF70 /* Servers.swift in Sources */,
				B6CB51492705F21200250095 /* VC Ext.swift in Sources */,
				B68357A1270F50C8000D53E4 /* String + Ext.swift in Sources */,
				B680B700271475E7007D8286 /* RankLogos.swift in Sources */,
				B68072DC2774838A00D682D5 /* AlamoFireRequests.swift in Sources */,
				B680B70827147DF2007D8286 /* Connect.swift in Sources */,
				B65844DE270351C7004FC29B /* AppDelegate.swift in Sources */,
				B6848C152773D30C004C53DB /* AlamoFireProtocols.swift in Sources */,
				B68FE3B7272EB52100DC44D7 /* DropDownList.swift in Sources */,
				B65844E0270351C7004FC29B /* SceneDelegate.swift in Sources */,
				B6CB51392705F04700250095 /* MMRTitleLabel.swift in Sources */,
				B666E7DC27051E53004181FB /* MMRError.swift in Sources */,
				B68BD336272C1FF400F30562 /* Dynamic.swift in Sources */,
				B6CB512F2705EF8900250095 /* Alert.swift in Sources */,
				B6AE8F8B2711249A0028DF92 /* FavoritesVC.swift in Sources */,
				B66E77FE276E81310047DBB3 /* FailedWithNoRecentData.swift in Sources */,
				B64C3B4F270B96CB00B32B9A /* UserDataVC.swift in Sources */,
				B666E7D927050D6B004181FB /* PlayerMMR.swift in Sources */,
				B6CB513C2705F06700250095 /* MMRBodyLabel.swift in Sources */,
			);
			runOnlyForDeploymentPostprocessing = 0;
		};
/* End PBXSourcesBuildPhase section */

/* Begin PBXTargetDependency section */
		B616CE0F276D5EE600CF2C47 /* PBXTargetDependency */ = {
			isa = PBXTargetDependency;
			target = B65844D9270351C7004FC29B /* My MMR */;
			targetProxy = B616CE0E276D5EE600CF2C47 /* PBXContainerItemProxy */;
		};
/* End PBXTargetDependency section */

/* Begin PBXVariantGroup section */
		B65844E3270351C7004FC29B /* Main.storyboard */ = {
			isa = PBXVariantGroup;
			children = (
				B65844E4270351C7004FC29B /* Base */,
			);
			name = Main.storyboard;
			sourceTree = "<group>";
		};
		B65844E8270351C7004FC29B /* LaunchScreen.storyboard */ = {
			isa = PBXVariantGroup;
			children = (
				B65844E9270351C7004FC29B /* Base */,
			);
			name = LaunchScreen.storyboard;
			sourceTree = "<group>";
		};
/* End PBXVariantGroup section */

/* Begin XCBuildConfiguration section */
		B616CE11276D5EE600CF2C47 /* Debug */ = {
			isa = XCBuildConfiguration;
			buildSettings = {
				BUNDLE_LOADER = "$(TEST_HOST)";
				CODE_SIGN_STYLE = Automatic;
				DEVELOPMENT_TEAM = D5R69Q32RG;
				INFOPLIST_FILE = "My MMRTests/Info.plist";
				LD_RUNPATH_SEARCH_PATHS = (
					"$(inherited)",
					"@executable_path/Frameworks",
					"@loader_path/Frameworks",
				);
				PRODUCT_BUNDLE_IDENTIFIER = "Hady-Org.My-MMRTests";
				PRODUCT_NAME = "$(TARGET_NAME)";
				SWIFT_VERSION = 5.0;
				TARGETED_DEVICE_FAMILY = "1,2";
				TEST_HOST = "$(BUILT_PRODUCTS_DIR)/My MMR.app/My MMR";
			};
			name = Debug;
		};
		B616CE12276D5EE600CF2C47 /* Release */ = {
			isa = XCBuildConfiguration;
			buildSettings = {
				BUNDLE_LOADER = "$(TEST_HOST)";
				CODE_SIGN_STYLE = Automatic;
				DEVELOPMENT_TEAM = D5R69Q32RG;
				INFOPLIST_FILE = "My MMRTests/Info.plist";
				LD_RUNPATH_SEARCH_PATHS = (
					"$(inherited)",
					"@executable_path/Frameworks",
					"@loader_path/Frameworks",
				);
				PRODUCT_BUNDLE_IDENTIFIER = "Hady-Org.My-MMRTests";
				PRODUCT_NAME = "$(TARGET_NAME)";
				SWIFT_VERSION = 5.0;
				TARGETED_DEVICE_FAMILY = "1,2";
				TEST_HOST = "$(BUILT_PRODUCTS_DIR)/My MMR.app/My MMR";
			};
			name = Release;
		};
		B65844EC270351C7004FC29B /* Debug */ = {
			isa = XCBuildConfiguration;
			buildSettings = {
				ALWAYS_SEARCH_USER_PATHS = NO;
				CLANG_ANALYZER_NONNULL = YES;
				CLANG_ANALYZER_NUMBER_OBJECT_CONVERSION = YES_AGGRESSIVE;
				CLANG_CXX_LANGUAGE_STANDARD = "gnu++14";
				CLANG_CXX_LIBRARY = "libc++";
				CLANG_ENABLE_MODULES = YES;
				CLANG_ENABLE_OBJC_ARC = YES;
				CLANG_ENABLE_OBJC_WEAK = YES;
				CLANG_WARN_BLOCK_CAPTURE_AUTORELEASING = YES;
				CLANG_WARN_BOOL_CONVERSION = YES;
				CLANG_WARN_COMMA = YES;
				CLANG_WARN_CONSTANT_CONVERSION = YES;
				CLANG_WARN_DEPRECATED_OBJC_IMPLEMENTATIONS = YES;
				CLANG_WARN_DIRECT_OBJC_ISA_USAGE = YES_ERROR;
				CLANG_WARN_DOCUMENTATION_COMMENTS = YES;
				CLANG_WARN_EMPTY_BODY = YES;
				CLANG_WARN_ENUM_CONVERSION = YES;
				CLANG_WARN_INFINITE_RECURSION = YES;
				CLANG_WARN_INT_CONVERSION = YES;
				CLANG_WARN_NON_LITERAL_NULL_CONVERSION = YES;
				CLANG_WARN_OBJC_IMPLICIT_RETAIN_SELF = YES;
				CLANG_WARN_OBJC_LITERAL_CONVERSION = YES;
				CLANG_WARN_OBJC_ROOT_CLASS = YES_ERROR;
				CLANG_WARN_QUOTED_INCLUDE_IN_FRAMEWORK_HEADER = YES;
				CLANG_WARN_RANGE_LOOP_ANALYSIS = YES;
				CLANG_WARN_STRICT_PROTOTYPES = YES;
				CLANG_WARN_SUSPICIOUS_MOVE = YES;
				CLANG_WARN_UNGUARDED_AVAILABILITY = YES_AGGRESSIVE;
				CLANG_WARN_UNREACHABLE_CODE = YES;
				CLANG_WARN__DUPLICATE_METHOD_MATCH = YES;
				COPY_PHASE_STRIP = NO;
				DEBUG_INFORMATION_FORMAT = dwarf;
				ENABLE_STRICT_OBJC_MSGSEND = YES;
				ENABLE_TESTABILITY = YES;
				GCC_C_LANGUAGE_STANDARD = gnu11;
				GCC_DYNAMIC_NO_PIC = NO;
				GCC_NO_COMMON_BLOCKS = YES;
				GCC_OPTIMIZATION_LEVEL = 0;
				GCC_PREPROCESSOR_DEFINITIONS = (
					"DEBUG=1",
					"$(inherited)",
				);
				GCC_WARN_64_TO_32_BIT_CONVERSION = YES;
				GCC_WARN_ABOUT_RETURN_TYPE = YES_ERROR;
				GCC_WARN_UNDECLARED_SELECTOR = YES;
				GCC_WARN_UNINITIALIZED_AUTOS = YES_AGGRESSIVE;
				GCC_WARN_UNUSED_FUNCTION = YES;
				GCC_WARN_UNUSED_VARIABLE = YES;
				IPHONEOS_DEPLOYMENT_TARGET = 14.4;
				MTL_ENABLE_DEBUG_INFO = INCLUDE_SOURCE;
				MTL_FAST_MATH = YES;
				ONLY_ACTIVE_ARCH = YES;
				SDKROOT = iphoneos;
				SWIFT_ACTIVE_COMPILATION_CONDITIONS = DEBUG;
				SWIFT_OPTIMIZATION_LEVEL = "-Onone";
				SWIFT_VERSION = 5.0;
			};
			name = Debug;
		};
		B65844ED270351C7004FC29B /* Release */ = {
			isa = XCBuildConfiguration;
			buildSettings = {
				ALWAYS_SEARCH_USER_PATHS = NO;
				CLANG_ANALYZER_NONNULL = YES;
				CLANG_ANALYZER_NUMBER_OBJECT_CONVERSION = YES_AGGRESSIVE;
				CLANG_CXX_LANGUAGE_STANDARD = "gnu++14";
				CLANG_CXX_LIBRARY = "libc++";
				CLANG_ENABLE_MODULES = YES;
				CLANG_ENABLE_OBJC_ARC = YES;
				CLANG_ENABLE_OBJC_WEAK = YES;
				CLANG_WARN_BLOCK_CAPTURE_AUTORELEASING = YES;
				CLANG_WARN_BOOL_CONVERSION = YES;
				CLANG_WARN_COMMA = YES;
				CLANG_WARN_CONSTANT_CONVERSION = YES;
				CLANG_WARN_DEPRECATED_OBJC_IMPLEMENTATIONS = YES;
				CLANG_WARN_DIRECT_OBJC_ISA_USAGE = YES_ERROR;
				CLANG_WARN_DOCUMENTATION_COMMENTS = YES;
				CLANG_WARN_EMPTY_BODY = YES;
				CLANG_WARN_ENUM_CONVERSION = YES;
				CLANG_WARN_INFINITE_RECURSION = YES;
				CLANG_WARN_INT_CONVERSION = YES;
				CLANG_WARN_NON_LITERAL_NULL_CONVERSION = YES;
				CLANG_WARN_OBJC_IMPLICIT_RETAIN_SELF = YES;
				CLANG_WARN_OBJC_LITERAL_CONVERSION = YES;
				CLANG_WARN_OBJC_ROOT_CLASS = YES_ERROR;
				CLANG_WARN_QUOTED_INCLUDE_IN_FRAMEWORK_HEADER = YES;
				CLANG_WARN_RANGE_LOOP_ANALYSIS = YES;
				CLANG_WARN_STRICT_PROTOTYPES = YES;
				CLANG_WARN_SUSPICIOUS_MOVE = YES;
				CLANG_WARN_UNGUARDED_AVAILABILITY = YES_AGGRESSIVE;
				CLANG_WARN_UNREACHABLE_CODE = YES;
				CLANG_WARN__DUPLICATE_METHOD_MATCH = YES;
				COPY_PHASE_STRIP = NO;
				DEBUG_INFORMATION_FORMAT = "dwarf-with-dsym";
				ENABLE_NS_ASSERTIONS = NO;
				ENABLE_STRICT_OBJC_MSGSEND = YES;
				GCC_C_LANGUAGE_STANDARD = gnu11;
				GCC_NO_COMMON_BLOCKS = YES;
				GCC_WARN_64_TO_32_BIT_CONVERSION = YES;
				GCC_WARN_ABOUT_RETURN_TYPE = YES_ERROR;
				GCC_WARN_UNDECLARED_SELECTOR = YES;
				GCC_WARN_UNINITIALIZED_AUTOS = YES_AGGRESSIVE;
				GCC_WARN_UNUSED_FUNCTION = YES;
				GCC_WARN_UNUSED_VARIABLE = YES;
				IPHONEOS_DEPLOYMENT_TARGET = 14.4;
				MTL_ENABLE_DEBUG_INFO = NO;
				MTL_FAST_MATH = YES;
				SDKROOT = iphoneos;
				SWIFT_COMPILATION_MODE = wholemodule;
				SWIFT_OPTIMIZATION_LEVEL = "-O";
				SWIFT_VERSION = 5.0;
				VALIDATE_PRODUCT = YES;
			};
			name = Release;
		};
		B65844EF270351C7004FC29B /* Debug */ = {
			isa = XCBuildConfiguration;
			baseConfigurationReference = 818BE81FBD4AB7893129E0C2 /* Pods-My MMR.debug.xcconfig */;
			buildSettings = {
				ASSETCATALOG_COMPILER_APPICON_NAME = AppIcon;
				ASSETCATALOG_COMPILER_GLOBAL_ACCENT_COLOR_NAME = AccentColor;
				CODE_SIGN_STYLE = Automatic;
				DEVELOPMENT_TEAM = D5R69Q32RG;
				INFOPLIST_FILE = "My MMR/Info.plist";
				IPHONEOS_DEPLOYMENT_TARGET = 13.0;
				LD_RUNPATH_SEARCH_PATHS = (
					"$(inherited)",
					"@executable_path/Frameworks",
				);
				PRODUCT_BUNDLE_IDENTIFIER = "Hady-Org.My-MMR";
				PRODUCT_NAME = "$(TARGET_NAME)";
				SWIFT_VERSION = 5.0;
				TARGETED_DEVICE_FAMILY = "1,2";
			};
			name = Debug;
		};
		B65844F0270351C7004FC29B /* Release */ = {
			isa = XCBuildConfiguration;
			baseConfigurationReference = 6BCFD6FD2B082456806644CE /* Pods-My MMR.release.xcconfig */;
			buildSettings = {
				ASSETCATALOG_COMPILER_APPICON_NAME = AppIcon;
				ASSETCATALOG_COMPILER_GLOBAL_ACCENT_COLOR_NAME = AccentColor;
				CODE_SIGN_STYLE = Automatic;
				DEVELOPMENT_TEAM = D5R69Q32RG;
				INFOPLIST_FILE = "My MMR/Info.plist";
				IPHONEOS_DEPLOYMENT_TARGET = 13.0;
				LD_RUNPATH_SEARCH_PATHS = (
					"$(inherited)",
					"@executable_path/Frameworks",
				);
				PRODUCT_BUNDLE_IDENTIFIER = "Hady-Org.My-MMR";
				PRODUCT_NAME = "$(TARGET_NAME)";
				SWIFT_VERSION = 5.0;
				TARGETED_DEVICE_FAMILY = "1,2";
			};
			name = Release;
		};
/* End XCBuildConfiguration section */

/* Begin XCConfigurationList section */
		B616CE10276D5EE600CF2C47 /* Build configuration list for PBXNativeTarget "My MMRTests" */ = {
			isa = XCConfigurationList;
			buildConfigurations = (
				B616CE11276D5EE600CF2C47 /* Debug */,
				B616CE12276D5EE600CF2C47 /* Release */,
			);
			defaultConfigurationIsVisible = 0;
			defaultConfigurationName = Release;
		};
		B65844D5270351C6004FC29B /* Build configuration list for PBXProject "My MMR" */ = {
			isa = XCConfigurationList;
			buildConfigurations = (
				B65844EC270351C7004FC29B /* Debug */,
				B65844ED270351C7004FC29B /* Release */,
			);
			defaultConfigurationIsVisible = 0;
			defaultConfigurationName = Release;
		};
		B65844EE270351C7004FC29B /* Build configuration list for PBXNativeTarget "My MMR" */ = {
			isa = XCConfigurationList;
			buildConfigurations = (
				B65844EF270351C7004FC29B /* Debug */,
				B65844F0270351C7004FC29B /* Release */,
			);
			defaultConfigurationIsVisible = 0;
			defaultConfigurationName = Release;
		};
/* End XCConfigurationList section */
	};
	rootObject = B65844D2270351C6004FC29B /* Project object */;
}
